
Microsoft Visual Studio Solution File, Format Version 12.00
# Visual Studio Version 16
VisualStudioVersion = 16.0.31005.135
MinimumVisualStudioVersion = 10.0.40219.1
Project("{FAE04EC0-301F-11D3-BF4B-00C04F79EFBC}") = "DemoPushNotification.Web", "DemoPushNotification.Web\DemoPushNotification.Web.csproj", "{36A59714-85B2-47CC-AC5F-8B25A1BCF3C3}"
EndProject
Project("{FAE04EC0-301F-11D3-BF4B-00C04F79EFBC}") = "DemoPushNotification.Clients.Common", "DemoPushNotification.Clients.Common\DemoPushNotification.Clients.Common.csproj", "{A4BE7904-02E8-4F33-9E6E-41F2EF6F75AA}"
EndProject
Global
	GlobalSection(SolutionConfigurationPlatforms) = preSolution
		Debug|Any CPU = Debug|Any CPU
		Release|Any CPU = Release|Any CPU
	EndGlobalSection
	GlobalSection(ProjectConfigurationPlatforms) = postSolution
		{36A59714-85B2-47CC-AC5F-8B25A1BCF3C3}.Debug|Any CPU.ActiveCfg = Debug|Any CPU
		{36A59714-85B2-47CC-AC5F-8B25A1BCF3C3}.Debug|Any CPU.Build.0 = Debug|Any CPU
		{36A59714-85B2-47CC-AC5F-8B25A1BCF3C3}.Release|Any CPU.ActiveCfg = Release|Any CPU
		{36A59714-85B2-47CC-AC5F-8B25A1BCF3C3}.Release|Any CPU.Build.0 = Release|Any CPU
		{A4BE7904-02E8-4F33-9E6E-41F2EF6F75AA}.Debug|Any CPU.ActiveCfg = Debug|Any CPU
		{A4BE7904-02E8-4F33-9E6E-41F2EF6F75AA}.Debug|Any CPU.Build.0 = Debug|Any CPU
		{A4BE7904-02E8-4F33-9E6E-41F2EF6F75AA}.Release|Any CPU.ActiveCfg = Release|Any CPU
		{A4BE7904-02E8-4F33-9E6E-41F2EF6F75AA}.Release|Any CPU.Build.0 = Release|Any CPU
	EndGlobalSection
	GlobalSection(SolutionProperties) = preSolution
		HideSolutionNode = FALSE
	EndGlobalSection
	GlobalSection(ExtensibilityGlobals) = postSolution
		SolutionGuid = {CC2E62D8-6F10-483E-BA0A-8E509E4BF214}
	EndGlobalSection
EndGlobal
